
Microsoft Visual Studio Solution File, Format Version 12.00
# Visual Studio Version 17
VisualStudioVersion = 17.6.33513.286
MinimumVisualStudioVersion = 10.0.40219.1
Project("{FAE04EC0-301F-11D3-BF4B-00C04F79EFBC}") = "Oratoria36", "WPFApp\Oratoria36.csproj", "{402AECFD-5E49-4472-8EE4-6937D259E63F}"
EndProject
Global
	GlobalSection(SolutionConfigurationPlatforms) = preSolution
		Debug|Any CPU = Debug|Any CPU
		Release|Any CPU = Release|Any CPU
	EndGlobalSection
	GlobalSection(ProjectConfigurationPlatforms) = postSolution
		{402AECFD-5E49-4472-8EE4-6937D259E63F}.Debug|Any CPU.ActiveCfg = Debug|Any CPU
		{402AECFD-5E49-4472-8EE4-6937D259E63F}.Debug|Any CPU.Build.0 = Debug|Any CPU
		{402AECFD-5E49-4472-8EE4-6937D259E63F}.Release|Any CPU.ActiveCfg = Release|Any CPU
		{402AECFD-5E49-4472-8EE4-6937D259E63F}.Release|Any CPU.Build.0 = Release|Any CPU
	EndGlobalSection
	GlobalSection(SolutionProperties) = preSolution
		HideSolutionNode = FALSE
	EndGlobalSection
	GlobalSection(ExtensibilityGlobals) = postSolution
		SolutionGuid = {546F04C2-AFD3-4185-9B4A-0E2ED73DF549}
	EndGlobalSection
EndGlobal
