
Microsoft Visual Studio Solution File, Format Version 12.00
# Visual Studio Version 17
VisualStudioVersion = 17.14.36915.13 d17.14
MinimumVisualStudioVersion = 10.0.40219.1
Project("{FAE04EC0-301F-11D3-BF4B-00C04F79EFBC}") = "Oratoria.Tests", "Oratoria.Tests.csproj", "{111F7FCB-18DF-40FA-88E6-061E101CD42D}"
EndProject
Global
	GlobalSection(SolutionConfigurationPlatforms) = preSolution
		Debug|Any CPU = Debug|Any CPU
		Release|Any CPU = Release|Any CPU
	EndGlobalSection
	GlobalSection(ProjectConfigurationPlatforms) = postSolution
		{111F7FCB-18DF-40FA-88E6-061E101CD42D}.Debug|Any CPU.ActiveCfg = Debug|Any CPU
		{111F7FCB-18DF-40FA-88E6-061E101CD42D}.Debug|Any CPU.Build.0 = Debug|Any CPU
		{111F7FCB-18DF-40FA-88E6-061E101CD42D}.Release|Any CPU.ActiveCfg = Release|Any CPU
		{111F7FCB-18DF-40FA-88E6-061E101CD42D}.Release|Any CPU.Build.0 = Release|Any CPU
	EndGlobalSection
	GlobalSection(SolutionProperties) = preSolution
		HideSolutionNode = FALSE
	EndGlobalSection
	GlobalSection(ExtensibilityGlobals) = postSolution
		SolutionGuid = {0FE42872-1EA4-465D-AFBF-060ED6923B52}
	EndGlobalSection
EndGlobal
